<?xml version="1.0" encoding="utf-8"?>
<Project ToolsVersion="4.0" xmlns="http://schemas.microsoft.com/developer/msbuild/2003">
  <ItemGroup>
    <Filter Include="Source Files">
      <UniqueIdentifier>{4FC737F1-C7A5-4376-A066-2A32D752A2FF}</UniqueIdentifier>
      <Extensions>cpp;c;cc;cxx;def;odl;idl;hpj;bat;asm;asmx</Extensions>
    </Filter>
    <Filter Include="Header Files">
      <UniqueIdentifier>{93995380-89BD-4b04-88EB-625FBE52EBFB}</UniqueIdentifier>
      <Extensions>h;hpp;hxx;hm;inl;inc;xsd</Extensions>
    </Filter>
    <Filter Include="Resource Files">
      <UniqueIdentifier>{67DA6AB6-F800-4c08-8B7A-83BB121AAD01}</UniqueIdentifier>
      <Extensions>rc;ico;cur;bmp;dlg;rc2;rct;bin;rgs;gif;jpg;jpeg;jpe;resx;tiff;tif;png;wav;mfcribbon-ms</Extensions>
    </Filter>
    <Filter Include="VideoSource">
      <UniqueIdentifier>{4b074abe-ff4a-4259-9542-a936d470c205}</UniqueIdentifier>
    </Filter>
    <Filter Include="VideoSource\USBCamera">
      <UniqueIdentifier>{51f626cf-0704-49de-8c77-6e145d056ad2}</UniqueIdentifier>
    </Filter>
    <Filter Include="EasyPusher">
      <UniqueIdentifier>{c36fcf34-c2c4-458a-84b3-577058becdf0}</UniqueIdentifier>
    </Filter>
    <Filter Include="AudioSource">
      <UniqueIdentifier>{bb1870c2-a382-4ca3-9716-968ad8b86e45}</UniqueIdentifier>
    </Filter>
  </ItemGroup>
  <ItemGroup>
    <None Include="ReadMe.txt" />
    <None Include="res\EasyCamera.rc2">
      <Filter>Resource Files</Filter>
    </None>
    <None Include="res\EasyCamera.ico">
      <Filter>Resource Files</Filter>
    </None>
  </ItemGroup>
  <ItemGroup>
    <ClInclude Include="EasyCamera.h">
      <Filter>Header Files</Filter>
    </ClInclude>
    <ClInclude Include="EasyCameraDlg.h">
      <Filter>Header Files</Filter>
    </ClInclude>
    <ClInclude Include="stdafx.h">
      <Filter>Header Files</Filter>
    </ClInclude>
    <ClInclude Include="targetver.h">
      <Filter>Header Files</Filter>
    </ClInclude>
    <ClInclude Include="Resource.h">
      <Filter>Header Files</Filter>
    </ClInclude>
    <ClInclude Include="VideoSource\USBCamera\CameraDS.h">
      <Filter>VideoSource\USBCamera</Filter>
    </ClInclude>
    <ClInclude Include="VideoSource\USBCamera\convert.h">
      <Filter>VideoSource\USBCamera</Filter>
    </ClInclude>
    <ClInclude Include="VideoSource\USBCamera\DllManager.h">
      <Filter>VideoSource\USBCamera</Filter>
    </ClInclude>
    <ClInclude Include="VideoSource\USBCamera\ICameraCaptuer.h">
      <Filter>VideoSource\USBCamera</Filter>
    </ClInclude>
    <ClInclude Include="DlgPanel.h">
      <Filter>Header Files</Filter>
    </ClInclude>
    <ClInclude Include="DlgVideo.h">
      <Filter>Header Files</Filter>
    </ClInclude>
    <ClInclude Include="DlgLocalPanel.h">
      <Filter>Header Files</Filter>
    </ClInclude>
    <ClInclude Include="DlgRemotePanel.h">
      <Filter>Header Files</Filter>
    </ClInclude>
    <ClInclude Include="EasyPusher\EasyPusherAPI.h">
      <Filter>EasyPusher</Filter>
    </ClInclude>
    <ClInclude Include="AudioSource\DirectSound.h">
      <Filter>AudioSource</Filter>
    </ClInclude>
  </ItemGroup>
  <ItemGroup>
    <ClCompile Include="EasyCamera.cpp">
      <Filter>Source Files</Filter>
    </ClCompile>
    <ClCompile Include="EasyCameraDlg.cpp">
      <Filter>Source Files</Filter>
    </ClCompile>
    <ClCompile Include="stdafx.cpp">
      <Filter>Source Files</Filter>
    </ClCompile>
    <ClCompile Include="VideoSource\USBCamera\CameraDS.cpp">
      <Filter>VideoSource\USBCamera</Filter>
    </ClCompile>
    <ClCompile Include="VideoSource\USBCamera\convert.cpp">
      <Filter>VideoSource\USBCamera</Filter>
    </ClCompile>
    <ClCompile Include="VideoSource\USBCamera\ICameraCaptuer.cpp">
      <Filter>VideoSource\USBCamera</Filter>
    </ClCompile>
    <ClCompile Include="DlgPanel.cpp">
      <Filter>Source Files</Filter>
    </ClCompile>
    <ClCompile Include="DlgVideo.cpp">
      <Filter>Source Files</Filter>
    </ClCompile>
    <ClCompile Include="DlgLocalPanel.cpp">
      <Filter>Source Files</Filter>
    </ClCompile>
    <ClCompile Include="DlgRemotePanel.cpp">
      <Filter>Source Files</Filter>
    </ClCompile>
    <ClCompile Include="AudioSource\DirectSound.cpp">
      <Filter>AudioSource</Filter>
    </ClCompile>
  </ItemGroup>
  <ItemGroup>
    <ResourceCompile Include="EasyCamera.rc">
      <Filter>Resource Files</Filter>
    </ResourceCompile>
  </ItemGroup>
  <ItemGroup>
    <Library Include="EasyPusher\libEasyPusher.lib">
      <Filter>EasyPusher</Filter>
    </Library>
    <Library Include="FFEncoder\FFEncoder.lib" />
    <Library Include="AudioSource\dxguid.lib">
      <Filter>AudioSource</Filter>
    </Library>
  </ItemGroup>
</Project>